
Microsoft Visual Studio Solution File, Format Version 12.00
# Visual Studio Version 17
VisualStudioVersion = 17.5.002.0
MinimumVisualStudioVersion = 10.0.40219.1
Project("{9A19103F-16F7-4668-BE54-9A1E7A4F7556}") = "Doviz", "Doviz.csproj", "{F111B92D-EB51-4CA8-9DEA-A4DB662EFCD3}"
EndProject
Global
	GlobalSection(SolutionConfigurationPlatforms) = preSolution
		Debug|Any CPU = Debug|Any CPU
		Release|Any CPU = Release|Any CPU
	EndGlobalSection
	GlobalSection(ProjectConfigurationPlatforms) = postSolution
		{F111B92D-EB51-4CA8-9DEA-A4DB662EFCD3}.Debug|Any CPU.ActiveCfg = Debug|Any CPU
		{F111B92D-EB51-4CA8-9DEA-A4DB662EFCD3}.Debug|Any CPU.Build.0 = Debug|Any CPU
		{F111B92D-EB51-4CA8-9DEA-A4DB662EFCD3}.Release|Any CPU.ActiveCfg = Release|Any CPU
		{F111B92D-EB51-4CA8-9DEA-A4DB662EFCD3}.Release|Any CPU.Build.0 = Release|Any CPU
	EndGlobalSection
	GlobalSection(SolutionProperties) = preSolution
		HideSolutionNode = FALSE
	EndGlobalSection
	GlobalSection(ExtensibilityGlobals) = postSolution
		SolutionGuid = {324BBB73-A6F8-42AB-9223-E85544814D4D}
	EndGlobalSection
EndGlobal
